{
  "nodes": {
    "buffer_manager-nvim": {
      "flake": false,
      "locked": {
        "lastModified": 1705570427,
        "narHash": "sha256-YL+ypkQAkEbhbOZedD+9frr+5nMBXjEnLCYroeLGNYM=",
        "owner": "j-morano",
        "repo": "buffer_manager.nvim",
        "rev": "9cd0e34522d96d08817828f1e9fd3379f27efb73",
        "type": "github"
      },
      "original": {
        "owner": "j-morano",
        "repo": "buffer_manager.nvim",
        "type": "github"
      }
    },
    "flake-utils": {
      "inputs": {
        "systems": "systems"
      },
      "locked": {
        "lastModified": 1710146030,
        "narHash": "sha256-SZ5L6eA7HJ/nmkzGG7/ISclqe6oZdOZTNoesiInkXPQ=",
        "owner": "numtide",
        "repo": "flake-utils",
        "rev": "b1d9ab70662946ef0850d488da1c9019f3a9752a",
        "type": "github"
      },
      "original": {
        "owner": "numtide",
        "repo": "flake-utils",
        "type": "github"
      }
    },
    "luasnip-latex-snippets-nvim": {
      "flake": false,
      "locked": {
        "lastModified": 1707898530,
        "narHash": "sha256-hasYnmyWq3yk3uzQIwXDtGqCIk0Ck+Qu5obxBoXE0OI=",
        "owner": "iurimateus",
        "repo": "luasnip-latex-snippets.nvim",
        "rev": "064f2abb6d08ebdd17b4a2baa181ffa7c4011f39",
        "type": "github"
      },
      "original": {
        "owner": "iurimateus",
        "repo": "luasnip-latex-snippets.nvim",
        "type": "github"
      }
    },
    "nixpkgs": {
      "locked": {
        "lastModified": 1710631334,
        "narHash": "sha256-rL5LSYd85kplL5othxK5lmAtjyMOBg390sGBTb3LRMM=",
        "owner": "NixOS",
        "repo": "nixpkgs",
        "rev": "c75037bbf9093a2acb617804ee46320d6d1fea5a",
        "type": "github"
      },
      "original": {
        "owner": "NixOS",
        "ref": "nixos-unstable",
        "repo": "nixpkgs",
        "type": "github"
      }
    },
    "root": {
      "inputs": {
        "buffer_manager-nvim": "buffer_manager-nvim",
        "flake-utils": "flake-utils",
        "luasnip-latex-snippets-nvim": "luasnip-latex-snippets-nvim",
        "nixpkgs": "nixpkgs"
      }
    },
    "systems": {
      "locked": {
        "lastModified": 1681028828,
        "narHash": "sha256-Vy1rq5AaRuLzOxct8nz4T6wlgyUR7zLU309k9mBC768=",
        "owner": "nix-systems",
        "repo": "default",
        "rev": "da67096a3b9bf56a91d16901293e51ba5b49a27e",
        "type": "github"
      },
      "original": {
        "owner": "nix-systems",
        "repo": "default",
        "type": "github"
      }
    }
  },
  "root": "root",
  "version": 7
}
